
Microsoft Visual Studio Solution File, Format Version 12.00
# Visual Studio Version 17
VisualStudioVersion = 17.0.31903.59
MinimumVisualStudioVersion = 10.0.40219.1
Project("{2150E333-8FDC-42A3-9474-1A3956D46DE8}") = "src", "src", "{827E0CD3-B72D-47B6-A68D-7590B98EB39B}"
EndProject
Project("{FAE04EC0-301F-11D3-BF4B-00C04F79EFBC}") = "ProductInventory.Api", "src\ProductInventory.Api\ProductInventory.Api.csproj", "{92282189-B89F-4199-BBFC-936D426B43BF}"
EndProject
Project("{FAE04EC0-301F-11D3-BF4B-00C04F79EFBC}") = "ProductInventory.Application", "src\ProductInventory.Application\ProductInventory.Application.csproj", "{DC73CFD4-D037-4C52-BC70-02F0DB97F33D}"
EndProject
Project("{FAE04EC0-301F-11D3-BF4B-00C04F79EFBC}") = "ProductInventory.Domain", "src\ProductInventory.Domain\ProductInventory.Domain.csproj", "{1A6BC973-CF80-4991-8221-D91D538D5FFA}"
EndProject
Project("{FAE04EC0-301F-11D3-BF4B-00C04F79EFBC}") = "ProductInventory.Infrastructure", "src\ProductInventory.Infrastructure\ProductInventory.Infrastructure.csproj", "{59570C96-9AEE-4D55-81AD-B056A0FACBF8}"
EndProject
Project("{FAE04EC0-301F-11D3-BF4B-00C04F79EFBC}") = "ProductInventory.Web", "src\ProductInventory.Web\ProductInventory.Web.csproj", "{F2FA405D-22AB-4539-BB94-72DE0E7AA9CF}"
EndProject
Project("{FAE04EC0-301F-11D3-BF4B-00C04F79EFBC}") = "ProductInventory.Contracts", "src\ProductInventory.Contracts\ProductInventory.Contracts.csproj", "{7DCCC15F-61E6-4F03-96FE-4175C6BEADF0}"
EndProject
Project("{2150E333-8FDC-42A3-9474-1A3956D46DE8}") = "tests", "tests", "{0AB3BF05-4346-4AA6-1389-037BE0695223}"
EndProject
Project("{FAE04EC0-301F-11D3-BF4B-00C04F79EFBC}") = "ProductInventory.UnitTests", "tests\ProductInventory.UnitTests\ProductInventory.UnitTests.csproj", "{628FECF4-68B0-4BB3-BDDA-7E5D57A213A6}"
EndProject
Project("{FAE04EC0-301F-11D3-BF4B-00C04F79EFBC}") = "ProductInventory.IntegrationTests", "tests\ProductInventory.IntegrationTests\ProductInventory.IntegrationTests.csproj", "{FD40E92D-999B-4242-9FAE-71330D01A63C}"
EndProject
Project("{FAE04EC0-301F-11D3-BF4B-00C04F79EFBC}") = "ProductInventory.Web.Tests", "tests\ProductInventory.Web.Tests\ProductInventory.Web.Tests.csproj", "{4FB1AC7C-7D61-45CB-9607-CA0C3A2F0645}"
EndProject
Global
	GlobalSection(SolutionConfigurationPlatforms) = preSolution
		Debug|Any CPU = Debug|Any CPU
		Debug|x64 = Debug|x64
		Debug|x86 = Debug|x86
		Release|Any CPU = Release|Any CPU
		Release|x64 = Release|x64
		Release|x86 = Release|x86
	EndGlobalSection
	GlobalSection(ProjectConfigurationPlatforms) = postSolution
		{92282189-B89F-4199-BBFC-936D426B43BF}.Debug|Any CPU.ActiveCfg = Debug|Any CPU
		{92282189-B89F-4199-BBFC-936D426B43BF}.Debug|Any CPU.Build.0 = Debug|Any CPU
		{92282189-B89F-4199-BBFC-936D426B43BF}.Debug|x64.ActiveCfg = Debug|Any CPU
		{92282189-B89F-4199-BBFC-936D426B43BF}.Debug|x64.Build.0 = Debug|Any CPU
		{92282189-B89F-4199-BBFC-936D426B43BF}.Debug|x86.ActiveCfg = Debug|Any CPU
		{92282189-B89F-4199-BBFC-936D426B43BF}.Debug|x86.Build.0 = Debug|Any CPU
		{92282189-B89F-4199-BBFC-936D426B43BF}.Release|Any CPU.ActiveCfg = Release|Any CPU
		{92282189-B89F-4199-BBFC-936D426B43BF}.Release|Any CPU.Build.0 = Release|Any CPU
		{92282189-B89F-4199-BBFC-936D426B43BF}.Release|x64.ActiveCfg = Release|Any CPU
		{92282189-B89F-4199-BBFC-936D426B43BF}.Release|x64.Build.0 = Release|Any CPU
		{92282189-B89F-4199-BBFC-936D426B43BF}.Release|x86.ActiveCfg = Release|Any CPU
		{92282189-B89F-4199-BBFC-936D426B43BF}.Release|x86.Build.0 = Release|Any CPU
		{DC73CFD4-D037-4C52-BC70-02F0DB97F33D}.Debug|Any CPU.ActiveCfg = Debug|Any CPU
		{DC73CFD4-D037-4C52-BC70-02F0DB97F33D}.Debug|Any CPU.Build.0 = Debug|Any CPU
		{DC73CFD4-D037-4C52-BC70-02F0DB97F33D}.Debug|x64.ActiveCfg = Debug|Any CPU
		{DC73CFD4-D037-4C52-BC70-02F0DB97F33D}.Debug|x64.Build.0 = Debug|Any CPU
		{DC73CFD4-D037-4C52-BC70-02F0DB97F33D}.Debug|x86.ActiveCfg = Debug|Any CPU
		{DC73CFD4-D037-4C52-BC70-02F0DB97F33D}.Debug|x86.Build.0 = Debug|Any CPU
		{DC73CFD4-D037-4C52-BC70-02F0DB97F33D}.Release|Any CPU.ActiveCfg = Release|Any CPU
		{DC73CFD4-D037-4C52-BC70-02F0DB97F33D}.Release|Any CPU.Build.0 = Release|Any CPU
		{DC73CFD4-D037-4C52-BC70-02F0DB97F33D}.Release|x64.ActiveCfg = Release|Any CPU
		{DC73CFD4-D037-4C52-BC70-02F0DB97F33D}.Release|x64.Build.0 = Release|Any CPU
		{DC73CFD4-D037-4C52-BC70-02F0DB97F33D}.Release|x86.ActiveCfg = Release|Any CPU
		{DC73CFD4-D037-4C52-BC70-02F0DB97F33D}.Release|x86.Build.0 = Release|Any CPU
		{1A6BC973-CF80-4991-8221-D91D538D5FFA}.Debug|Any CPU.ActiveCfg = Debug|Any CPU
		{1A6BC973-CF80-4991-8221-D91D538D5FFA}.Debug|Any CPU.Build.0 = Debug|Any CPU
		{1A6BC973-CF80-4991-8221-D91D538D5FFA}.Debug|x64.ActiveCfg = Debug|Any CPU
		{1A6BC973-CF80-4991-8221-D91D538D5FFA}.Debug|x64.Build.0 = Debug|Any CPU
		{1A6BC973-CF80-4991-8221-D91D538D5FFA}.Debug|x86.ActiveCfg = Debug|Any CPU
		{1A6BC973-CF80-4991-8221-D91D538D5FFA}.Debug|x86.Build.0 = Debug|Any CPU
		{1A6BC973-CF80-4991-8221-D91D538D5FFA}.Release|Any CPU.ActiveCfg = Release|Any CPU
		{1A6BC973-CF80-4991-8221-D91D538D5FFA}.Release|Any CPU.Build.0 = Release|Any CPU
		{1A6BC973-CF80-4991-8221-D91D538D5FFA}.Release|x64.ActiveCfg = Release|Any CPU
		{1A6BC973-CF80-4991-8221-D91D538D5FFA}.Release|x64.Build.0 = Release|Any CPU
		{1A6BC973-CF80-4991-8221-D91D538D5FFA}.Release|x86.ActiveCfg = Release|Any CPU
		{1A6BC973-CF80-4991-8221-D91D538D5FFA}.Release|x86.Build.0 = Release|Any CPU
		{59570C96-9AEE-4D55-81AD-B056A0FACBF8}.Debug|Any CPU.ActiveCfg = Debug|Any CPU
		{59570C96-9AEE-4D55-81AD-B056A0FACBF8}.Debug|Any CPU.Build.0 = Debug|Any CPU
		{59570C96-9AEE-4D55-81AD-B056A0FACBF8}.Debug|x64.ActiveCfg = Debug|Any CPU
		{59570C96-9AEE-4D55-81AD-B056A0FACBF8}.Debug|x64.Build.0 = Debug|Any CPU
		{59570C96-9AEE-4D55-81AD-B056A0FACBF8}.Debug|x86.ActiveCfg = Debug|Any CPU
		{59570C96-9AEE-4D55-81AD-B056A0FACBF8}.Debug|x86.Build.0 = Debug|Any CPU
		{59570C96-9AEE-4D55-81AD-B056A0FACBF8}.Release|Any CPU.ActiveCfg = Release|Any CPU
		{59570C96-9AEE-4D55-81AD-B056A0FACBF8}.Release|Any CPU.Build.0 = Release|Any CPU
		{59570C96-9AEE-4D55-81AD-B056A0FACBF8}.Release|x64.ActiveCfg = Release|Any CPU
		{59570C96-9AEE-4D55-81AD-B056A0FACBF8}.Release|x64.Build.0 = Release|Any CPU
		{59570C96-9AEE-4D55-81AD-B056A0FACBF8}.Release|x86.ActiveCfg = Release|Any CPU
		{59570C96-9AEE-4D55-81AD-B056A0FACBF8}.Release|x86.Build.0 = Release|Any CPU
		{F2FA405D-22AB-4539-BB94-72DE0E7AA9CF}.Debug|Any CPU.ActiveCfg = Debug|Any CPU
		{F2FA405D-22AB-4539-BB94-72DE0E7AA9CF}.Debug|Any CPU.Build.0 = Debug|Any CPU
		{F2FA405D-22AB-4539-BB94-72DE0E7AA9CF}.Debug|x64.ActiveCfg = Debug|Any CPU
		{F2FA405D-22AB-4539-BB94-72DE0E7AA9CF}.Debug|x64.Build.0 = Debug|Any CPU
		{F2FA405D-22AB-4539-BB94-72DE0E7AA9CF}.Debug|x86.ActiveCfg = Debug|Any CPU
		{F2FA405D-22AB-4539-BB94-72DE0E7AA9CF}.Debug|x86.Build.0 = Debug|Any CPU
		{F2FA405D-22AB-4539-BB94-72DE0E7AA9CF}.Release|Any CPU.ActiveCfg = Release|Any CPU
		{F2FA405D-22AB-4539-BB94-72DE0E7AA9CF}.Release|Any CPU.Build.0 = Release|Any CPU
		{F2FA405D-22AB-4539-BB94-72DE0E7AA9CF}.Release|x64.ActiveCfg = Release|Any CPU
		{F2FA405D-22AB-4539-BB94-72DE0E7AA9CF}.Release|x64.Build.0 = Release|Any CPU
		{F2FA405D-22AB-4539-BB94-72DE0E7AA9CF}.Release|x86.ActiveCfg = Release|Any CPU
		{F2FA405D-22AB-4539-BB94-72DE0E7AA9CF}.Release|x86.Build.0 = Release|Any CPU
		{7DCCC15F-61E6-4F03-96FE-4175C6BEADF0}.Debug|Any CPU.ActiveCfg = Debug|Any CPU
		{7DCCC15F-61E6-4F03-96FE-4175C6BEADF0}.Debug|Any CPU.Build.0 = Debug|Any CPU
		{7DCCC15F-61E6-4F03-96FE-4175C6BEADF0}.Debug|x64.ActiveCfg = Debug|Any CPU
		{7DCCC15F-61E6-4F03-96FE-4175C6BEADF0}.Debug|x64.Build.0 = Debug|Any CPU
		{7DCCC15F-61E6-4F03-96FE-4175C6BEADF0}.Debug|x86.ActiveCfg = Debug|Any CPU
		{7DCCC15F-61E6-4F03-96FE-4175C6BEADF0}.Debug|x86.Build.0 = Debug|Any CPU
		{7DCCC15F-61E6-4F03-96FE-4175C6BEADF0}.Release|Any CPU.ActiveCfg = Release|Any CPU
		{7DCCC15F-61E6-4F03-96FE-4175C6BEADF0}.Release|Any CPU.Build.0 = Release|Any CPU
		{7DCCC15F-61E6-4F03-96FE-4175C6BEADF0}.Release|x64.ActiveCfg = Release|Any CPU
		{7DCCC15F-61E6-4F03-96FE-4175C6BEADF0}.Release|x64.Build.0 = Release|Any CPU
		{7DCCC15F-61E6-4F03-96FE-4175C6BEADF0}.Release|x86.ActiveCfg = Release|Any CPU
		{7DCCC15F-61E6-4F03-96FE-4175C6BEADF0}.Release|x86.Build.0 = Release|Any CPU
		{628FECF4-68B0-4BB3-BDDA-7E5D57A213A6}.Debug|Any CPU.ActiveCfg = Debug|Any CPU
		{628FECF4-68B0-4BB3-BDDA-7E5D57A213A6}.Debug|Any CPU.Build.0 = Debug|Any CPU
		{628FECF4-68B0-4BB3-BDDA-7E5D57A213A6}.Debug|x64.ActiveCfg = Debug|Any CPU
		{628FECF4-68B0-4BB3-BDDA-7E5D57A213A6}.Debug|x64.Build.0 = Debug|Any CPU
		{628FECF4-68B0-4BB3-BDDA-7E5D57A213A6}.Debug|x86.ActiveCfg = Debug|Any CPU
		{628FECF4-68B0-4BB3-BDDA-7E5D57A213A6}.Debug|x86.Build.0 = Debug|Any CPU
		{628FECF4-68B0-4BB3-BDDA-7E5D57A213A6}.Release|Any CPU.ActiveCfg = Release|Any CPU
		{628FECF4-68B0-4BB3-BDDA-7E5D57A213A6}.Release|Any CPU.Build.0 = Release|Any CPU
		{628FECF4-68B0-4BB3-BDDA-7E5D57A213A6}.Release|x64.ActiveCfg = Release|Any CPU
		{628FECF4-68B0-4BB3-BDDA-7E5D57A213A6}.Release|x64.Build.0 = Release|Any CPU
		{628FECF4-68B0-4BB3-BDDA-7E5D57A213A6}.Release|x86.ActiveCfg = Release|Any CPU
		{628FECF4-68B0-4BB3-BDDA-7E5D57A213A6}.Release|x86.Build.0 = Release|Any CPU
		{FD40E92D-999B-4242-9FAE-71330D01A63C}.Debug|Any CPU.ActiveCfg = Debug|Any CPU
		{FD40E92D-999B-4242-9FAE-71330D01A63C}.Debug|Any CPU.Build.0 = Debug|Any CPU
		{FD40E92D-999B-4242-9FAE-71330D01A63C}.Debug|x64.ActiveCfg = Debug|Any CPU
		{FD40E92D-999B-4242-9FAE-71330D01A63C}.Debug|x64.Build.0 = Debug|Any CPU
		{FD40E92D-999B-4242-9FAE-71330D01A63C}.Debug|x86.ActiveCfg = Debug|Any CPU
		{FD40E92D-999B-4242-9FAE-71330D01A63C}.Debug|x86.Build.0 = Debug|Any CPU
		{FD40E92D-999B-4242-9FAE-71330D01A63C}.Release|Any CPU.ActiveCfg = Release|Any CPU
		{FD40E92D-999B-4242-9FAE-71330D01A63C}.Release|Any CPU.Build.0 = Release|Any CPU
		{FD40E92D-999B-4242-9FAE-71330D01A63C}.Release|x64.ActiveCfg = Release|Any CPU
		{FD40E92D-999B-4242-9FAE-71330D01A63C}.Release|x64.Build.0 = Release|Any CPU
		{FD40E92D-999B-4242-9FAE-71330D01A63C}.Release|x86.ActiveCfg = Release|Any CPU
		{FD40E92D-999B-4242-9FAE-71330D01A63C}.Release|x86.Build.0 = Release|Any CPU
		{4FB1AC7C-7D61-45CB-9607-CA0C3A2F0645}.Debug|Any CPU.ActiveCfg = Debug|Any CPU
		{4FB1AC7C-7D61-45CB-9607-CA0C3A2F0645}.Debug|Any CPU.Build.0 = Debug|Any CPU
		{4FB1AC7C-7D61-45CB-9607-CA0C3A2F0645}.Debug|x64.ActiveCfg = Debug|Any CPU
		{4FB1AC7C-7D61-45CB-9607-CA0C3A2F0645}.Debug|x64.Build.0 = Debug|Any CPU
		{4FB1AC7C-7D61-45CB-9607-CA0C3A2F0645}.Debug|x86.ActiveCfg = Debug|Any CPU
		{4FB1AC7C-7D61-45CB-9607-CA0C3A2F0645}.Debug|x86.Build.0 = Debug|Any CPU
		{4FB1AC7C-7D61-45CB-9607-CA0C3A2F0645}.Release|Any CPU.ActiveCfg = Release|Any CPU
		{4FB1AC7C-7D61-45CB-9607-CA0C3A2F0645}.Release|Any CPU.Build.0 = Release|Any CPU
		{4FB1AC7C-7D61-45CB-9607-CA0C3A2F0645}.Release|x64.ActiveCfg = Release|Any CPU
		{4FB1AC7C-7D61-45CB-9607-CA0C3A2F0645}.Release|x64.Build.0 = Release|Any CPU
		{4FB1AC7C-7D61-45CB-9607-CA0C3A2F0645}.Release|x86.ActiveCfg = Release|Any CPU
		{4FB1AC7C-7D61-45CB-9607-CA0C3A2F0645}.Release|x86.Build.0 = Release|Any CPU
	EndGlobalSection
	GlobalSection(SolutionProperties) = preSolution
		HideSolutionNode = FALSE
	EndGlobalSection
	GlobalSection(NestedProjects) = preSolution
		{92282189-B89F-4199-BBFC-936D426B43BF} = {827E0CD3-B72D-47B6-A68D-7590B98EB39B}
		{DC73CFD4-D037-4C52-BC70-02F0DB97F33D} = {827E0CD3-B72D-47B6-A68D-7590B98EB39B}
		{1A6BC973-CF80-4991-8221-D91D538D5FFA} = {827E0CD3-B72D-47B6-A68D-7590B98EB39B}
		{59570C96-9AEE-4D55-81AD-B056A0FACBF8} = {827E0CD3-B72D-47B6-A68D-7590B98EB39B}
		{F2FA405D-22AB-4539-BB94-72DE0E7AA9CF} = {827E0CD3-B72D-47B6-A68D-7590B98EB39B}
		{7DCCC15F-61E6-4F03-96FE-4175C6BEADF0} = {827E0CD3-B72D-47B6-A68D-7590B98EB39B}
		{628FECF4-68B0-4BB3-BDDA-7E5D57A213A6} = {0AB3BF05-4346-4AA6-1389-037BE0695223}
		{FD40E92D-999B-4242-9FAE-71330D01A63C} = {0AB3BF05-4346-4AA6-1389-037BE0695223}
		{4FB1AC7C-7D61-45CB-9607-CA0C3A2F0645} = {0AB3BF05-4346-4AA6-1389-037BE0695223}
	EndGlobalSection
EndGlobal
