{
  "version": 1,
  "dependencies": {
    "net9.0": {
      "Microsoft.AspNetCore.Components.WebAssembly": {
        "type": "Direct",
        "requested": "[9.0.18, )",
        "resolved": "9.0.18",
        "contentHash": "6+0avTWANMJ/oFRDAWREL1PQYhHG8r0T1Rj0yomFln1oH7gWV3DtQjs7zGqvDtAOiTNyBEOqngOHIg2of60zBA==",
        "dependencies": {
          "Microsoft.AspNetCore.Components.Web": "9.0.18",
          "Microsoft.Extensions.Configuration.Binder": "9.0.18",
          "Microsoft.Extensions.Configuration.Json": "9.0.18",
          "Microsoft.Extensions.Logging": "9.0.18",
          "Microsoft.JSInterop.WebAssembly": "9.0.18"
        }
      },
      "Microsoft.AspNetCore.Components.WebAssembly.DevServer": {
        "type": "Direct",
        "requested": "[9.0.18, )",
        "resolved": "9.0.18",
        "contentHash": "OOqfxF7iNcwi4vC9O9pJnzQMWKmYCYAcDEo3Titkhp5mh6iJ2gQJxoprzsj6idmZDG6hahF4ZIo1CmKLnaWX6g=="
      },
      "Microsoft.NET.ILLink.Tasks": {
        "type": "Direct",
        "requested": "[9.0.10, )",
        "resolved": "9.0.10",
        "contentHash": "sseaSJcBxKEpkc59hnB00b3NmJdGvJLfj74HK+nucHxERxbZSUREuWKjC9ywc+HdzJvJyiP2eiyEOROaGSfcPw=="
      },
      "Microsoft.NET.Sdk.WebAssembly.Pack": {
        "type": "Direct",
        "requested": "[9.0.10, )",
        "resolved": "9.0.10",
        "contentHash": "Ye7Zr/1d5cMeXyqv2uaEYrZjgRAcZKTXE/dJByxhicD7jLQSQcwmuBZzIXi+SY5sZbvKeH7nSTcVa7fOrJArfw=="
      },
      "Microsoft.AspNetCore.Authorization": {
        "type": "Transitive",
        "resolved": "9.0.18",
        "contentHash": "Ad+cWU5fdEG88koHykzbqPdKEpyzTou3I0LIsvhBiH/CAyA+RzcYJ8qNmMPP98ySOwCibutcIxO5z3yHj8Bf+A==",
        "dependencies": {
          "Microsoft.AspNetCore.Metadata": "9.0.18",
          "Microsoft.Extensions.Logging.Abstractions": "9.0.18",
          "Microsoft.Extensions.Options": "9.0.18"
        }
      },
      "Microsoft.AspNetCore.Components": {
        "type": "Transitive",
        "resolved": "9.0.18",
        "contentHash": "PKU/mccp9zWDhZWUEraJmI0SZtKDUU7WEFUYa545I6fkau8ypR4cIz1Xc8Zf/6rZTHIROZeeBi60zKVwpJt+9Q==",
        "dependencies": {
          "Microsoft.AspNetCore.Authorization": "9.0.18",
          "Microsoft.AspNetCore.Components.Analyzers": "9.0.18"
        }
      },
      "Microsoft.AspNetCore.Components.Analyzers": {
        "type": "Transitive",
        "resolved": "9.0.18",
        "contentHash": "pn6A2sqLkZGiBdZOGxFa7f7RM7oba+B2VmaP8/aDyaS4VGlpmwNS5TYUrFVjO6rnEQXPA4SpYYd8dJE77v7S1A=="
      },
      "Microsoft.AspNetCore.Components.Forms": {
        "type": "Transitive",
        "resolved": "9.0.18",
        "contentHash": "d1CXCbinquUwpc/MsirVTdNt/aZH6Kdt2YDy8xOyzeZFdBMkcT4VlnV+Pg8h9haUp+PpWvIEuchtcGWe+unY7A==",
        "dependencies": {
          "Microsoft.AspNetCore.Components": "9.0.18"
        }
      },
      "Microsoft.AspNetCore.Components.Web": {
        "type": "Transitive",
        "resolved": "9.0.18",
        "contentHash": "kV0L85kKDEuCao8Dqj83U27OyCqIF0ueG1+FCnZw/sr8uiKzqDMxLXg9SkZzZSa0IhfDfDY8JbsCmMfFRVUOMQ==",
        "dependencies": {
          "Microsoft.AspNetCore.Components": "9.0.18",
          "Microsoft.AspNetCore.Components.Forms": "9.0.18",
          "Microsoft.Extensions.DependencyInjection": "9.0.18",
          "Microsoft.Extensions.Primitives": "9.0.18",
          "Microsoft.JSInterop": "9.0.18"
        }
      },
      "Microsoft.AspNetCore.Metadata": {
        "type": "Transitive",
        "resolved": "9.0.18",
        "contentHash": "/vA53/oHqbs9Jf51qlssyCOf1s96ktf0RlJmR87I3xqLfwNE12qt3ZK+Bn+/55TzZDwAoKkv8FFET2DnNkqMEA=="
      },
      "Microsoft.Extensions.Configuration": {
        "type": "Transitive",
        "resolved": "9.0.18",
        "contentHash": "IDxqTTYgFM0adTv9b+cRyQJD25+xBUbCDXxmqxfBAv/DFQch3MBVQ9bnHijRNKpEnSMAciA9uc+X1ArQ5zZDVw==",
        "dependencies": {
          "Microsoft.Extensions.Configuration.Abstractions": "9.0.18",
          "Microsoft.Extensions.Primitives": "9.0.18"
        }
      },
      "Microsoft.Extensions.Configuration.Abstractions": {
        "type": "Transitive",
        "resolved": "9.0.18",
        "contentHash": "jgC5SZeK94t8DXl836ifIM5gScNqknkOwISrY503eWg7AHBrv+fnwty+C9n35H4WvBjs8OY21jPlRRf7ESBK/g==",
        "dependencies": {
          "Microsoft.Extensions.Primitives": "9.0.18"
        }
      },
      "Microsoft.Extensions.Configuration.Binder": {
        "type": "Transitive",
        "resolved": "9.0.18",
        "contentHash": "80DWbnb2hlBub4yaMOdq28gaVvexvREBp+73hg/cZ6Mz6xjT7FoHwLeegv9yrRBQChAlhqkuKjt2xnkdGtJgoA==",
        "dependencies": {
          "Microsoft.Extensions.Configuration.Abstractions": "9.0.18"
        }
      },
      "Microsoft.Extensions.Configuration.FileExtensions": {
        "type": "Transitive",
        "resolved": "9.0.18",
        "contentHash": "xyrk60TV1053M4iSK9XU13+MEBlM0tpKvT0OEw7jaj8E5mPudM+nHbay19woEFpJgKZS8Spijx2RNKJSXy6OVg==",
        "dependencies": {
          "Microsoft.Extensions.Configuration": "9.0.18",
          "Microsoft.Extensions.Configuration.Abstractions": "9.0.18",
          "Microsoft.Extensions.FileProviders.Abstractions": "9.0.18",
          "Microsoft.Extensions.FileProviders.Physical": "9.0.18",
          "Microsoft.Extensions.Primitives": "9.0.18"
        }
      },
      "Microsoft.Extensions.Configuration.Json": {
        "type": "Transitive",
        "resolved": "9.0.18",
        "contentHash": "16PlXNzQ5FPJTObhaP/bNeeITsuqZdwRNpcHiWHI070+qN87611MgP2r2tyvuJK1x1TzPqxoTXT6SDaIXBM76A==",
        "dependencies": {
          "Microsoft.Extensions.Configuration": "9.0.18",
          "Microsoft.Extensions.Configuration.Abstractions": "9.0.18",
          "Microsoft.Extensions.Configuration.FileExtensions": "9.0.18",
          "Microsoft.Extensions.FileProviders.Abstractions": "9.0.18"
        }
      },
      "Microsoft.Extensions.DependencyInjection": {
        "type": "Transitive",
        "resolved": "9.0.18",
        "contentHash": "xPoYhpBypsweLpZ29GPp6Kv6g1fZMUwJ800D/xO7ASuNn5zx0BNIP600wXXhbPNeO8kKngFRtoWplRffxBUDgw==",
        "dependencies": {
          "Microsoft.Extensions.DependencyInjection.Abstractions": "9.0.18"
        }
      },
      "Microsoft.Extensions.DependencyInjection.Abstractions": {
        "type": "Transitive",
        "resolved": "9.0.18",
        "contentHash": "eSUdaLUP+pj1J7SpCsUYQP6dNk0w9g0KGu4ovPYBnlfqomW1u+1fF8ZIjMVuHY6Z3p30yL0SxND9JTS6i3NolQ=="
      },
      "Microsoft.Extensions.FileProviders.Abstractions": {
        "type": "Transitive",
        "resolved": "9.0.18",
        "contentHash": "YqkFlTwnVSMuunsf8IT9b+KySfm6vnMBBM+CKYCfXfjRMQ62uFggVOEu4C2cgR4fXpEO1rZ6utUZC1KoYKgiSg==",
        "dependencies": {
          "Microsoft.Extensions.Primitives": "9.0.18"
        }
      },
      "Microsoft.Extensions.FileProviders.Physical": {
        "type": "Transitive",
        "resolved": "9.0.18",
        "contentHash": "SSuf6rk6NStm7B+5VWV3t2B1OMJbXbnJnY0fN3Rj7/LLAUBDMb2aiULVDDQuF0pQLgQ7qYCYCvSB3Rnjxpit6A==",
        "dependencies": {
          "Microsoft.Extensions.FileProviders.Abstractions": "9.0.18",
          "Microsoft.Extensions.FileSystemGlobbing": "9.0.18",
          "Microsoft.Extensions.Primitives": "9.0.18"
        }
      },
      "Microsoft.Extensions.FileSystemGlobbing": {
        "type": "Transitive",
        "resolved": "9.0.18",
        "contentHash": "a6w2LAPmr1EZNNq8Us174oR3yIH+hoJKp6LVgzQAKFVFdrNGf3c3FAq3oLAQGt+NxLWVCKsJJXQwaxl/rcGDmA=="
      },
      "Microsoft.Extensions.Logging": {
        "type": "Transitive",
        "resolved": "9.0.18",
        "contentHash": "LuOCZhcJ4TeCLE99TRqI1FHReB29G7bAPInrAAG3E85/S+E4mcrmaoeoXLnOUi6DEosx87pauyFNICdiFIFqkA==",
        "dependencies": {
          "Microsoft.Extensions.DependencyInjection": "9.0.18",
          "Microsoft.Extensions.Logging.Abstractions": "9.0.18",
          "Microsoft.Extensions.Options": "9.0.18"
        }
      },
      "Microsoft.Extensions.Logging.Abstractions": {
        "type": "Transitive",
        "resolved": "9.0.18",
        "contentHash": "uzNHNdNZJTHACwFkWclx8s5GXLjGacJj4QwBQZ/6BeixTJjlHmNESIK738iPFLPkO8jWsENLUcUW/kAPe0b8ew==",
        "dependencies": {
          "Microsoft.Extensions.DependencyInjection.Abstractions": "9.0.18"
        }
      },
      "Microsoft.Extensions.Options": {
        "type": "Transitive",
        "resolved": "9.0.18",
        "contentHash": "HiA/R0jGR10TGuR6coM8KMUdJ5YlP3bhGxqEdGLkxFdBV1EFNdZMAajSEZHwkex4X/iMQwRCQVotqpElcxOImg==",
        "dependencies": {
          "Microsoft.Extensions.DependencyInjection.Abstractions": "9.0.18",
          "Microsoft.Extensions.Primitives": "9.0.18"
        }
      },
      "Microsoft.Extensions.Primitives": {
        "type": "Transitive",
        "resolved": "9.0.18",
        "contentHash": "hfHudMC5zDlwMrC0HiHOJesSHMvM+CdqjomjcV/YVzFq5dfSpBRvyRLm1n1Bfh41ZpQnyJzqX+YEo95BAmcDAQ=="
      },
      "Microsoft.JSInterop": {
        "type": "Transitive",
        "resolved": "9.0.18",
        "contentHash": "1aUvKsczbGxtxXP22Q2+WLJeNj5l8a60KyfQiZIe/IrnQ93uNlQzlpjm6vTj1qyXJGU76pdvwi/fzk6WycTfDw=="
      },
      "Microsoft.JSInterop.WebAssembly": {
        "type": "Transitive",
        "resolved": "9.0.18",
        "contentHash": "etBnfZluJ4aye1XCsAa3sp4/iumATvNU67NB7VL7uUN78ecnr+07JYVL9+q59ALeWVqunaM0UIA6a/0CDbgVQA==",
        "dependencies": {
          "Microsoft.JSInterop": "9.0.18"
        }
      },
      "productinventory.contracts": {
        "type": "Project"
      }
    },
    "net9.0/browser-wasm": {}
  }
}